GEM
  remote: https://rubygems.org/
  specs:
    byebug (12.0.0)
    coderay (1.1.3)
    date (3.4.1)
    dotenv (3.1.8)
    json (2.13.2)
    mail (2.8.1)
      mini_mime (>= 0.1.1)
      net-imap
      net-pop
      net-smtp
    method_source (1.1.0)
    mini_mime (1.1.5)
    net-http (0.6.0)
      uri
    net-imap (0.5.10)
      date
      net-protocol
    net-pop (0.1.2)
      net-protocol
    net-protocol (0.2.2)
      timeout
    net-smtp (0.5.1)
      net-protocol
    pry (0.15.2)
      coderay (~> 1.1)
      method_source (~> 1.0)
    pry-byebug (3.11.0)
      byebug (~> 12.0)
      pry (>= 0.13, < 0.16)
    timeout (0.4.3)
    uri (1.0.3)

PLATFORMS
  arm64-darwin-23

DEPENDENCIES
  dotenv
  json
  mail
  net-http
  pry
  pry-byebug

BUNDLED WITH
   2.7.2
