GEM
  remote: https://rubygems.org/
  specs:
    bigdecimal (3.2.3)
    date (3.4.1)
    dotenv (3.1.8)
    json (2.13.2)
    mail (2.8.1)
      mini_mime (>= 0.1.1)
      net-imap
      net-pop
      net-smtp
    matrix (0.4.3)
    mini_mime (1.1.5)
    net-http (0.6.0)
      uri
    net-imap (0.5.10)
      date
      net-protocol
    net-pop (0.1.2)
      net-protocol
    net-protocol (0.2.2)
      timeout
    net-smtp (0.5.1)
      net-protocol
    nokogiri (1.18.10-arm64-darwin)
      racc (~> 1.4)
    pdf-core (0.10.0)
    prawn (2.5.0)
      matrix (~> 0.4)
      pdf-core (~> 0.10.0)
      ttfunk (~> 1.8)
    racc (1.8.1)
    rubyXL (3.4.33)
      nokogiri (>= 1.10.8)
      rubyzip (>= 1.3.0)
    rubyzip (3.1.0)
    timeout (0.4.3)
    ttfunk (1.8.0)
      bigdecimal (~> 3.1)
    uri (1.0.3)

PLATFORMS
  arm64-darwin-23

DEPENDENCIES
  dotenv
  json
  mail
  net-http
  prawn
  rubyXL

BUNDLED WITH
   2.7.2
